<?xml version="1.0" encoding="utf-8"?>
<Project ToolsVersion="4.0" xmlns="http://schemas.microsoft.com/developer/msbuild/2003">
  <ItemGroup>
    <Filter Include="Source Files">
      <UniqueIdentifier>{4FC737F1-C7A5-4376-A066-2A32D752A2FF}</UniqueIdentifier>
      <Extensions>cpp;c;cc;cxx;def;odl;idl;hpj;bat;asm;asmx</Extensions>
    </Filter>
    <Filter Include="Header Files">
      <UniqueIdentifier>{93995380-89BD-4b04-88EB-625FBE52EBFB}</UniqueIdentifier>
      <Extensions>h;hh;hpp;hxx;hm;inl;inc;ipp;xsd</Extensions>
    </Filter>
    <Filter Include="Resource Files">
      <UniqueIdentifier>{67DA6AB6-F800-4c08-8B7A-83BB121AAD01}</UniqueIdentifier>
      <Extensions>rc;ico;cur;bmp;dlg;rc2;rct;bin;rgs;gif;jpg;jpeg;jpe;resx;tiff;tif;png;wav;mfcribbon-ms</Extensions>
    </Filter>
    <Filter Include="Header Files\Builders">
      <UniqueIdentifier>{fe8dcb2e-4b82-4f48-9266-c027bd3094a1}</UniqueIdentifier>
    </Filter>
    <Filter Include="Header Files\Models">
      <UniqueIdentifier>{210ad364-a940-440d-abe1-456068714462}</UniqueIdentifier>
    </Filter>
    <Filter Include="Header Files\IO">
      <UniqueIdentifier>{6b2aeaa7-58d1-4d05-a39a-f20907d1b22f}</UniqueIdentifier>
    </Filter>
    <Filter Include="Source Files\Builders">
      <UniqueIdentifier>{bf1b050d-41aa-40bd-8966-5b0c639f7af0}</UniqueIdentifier>
    </Filter>
    <Filter Include="Source Files\Models">
      <UniqueIdentifier>{8c0ead88-8af9-4816-9028-48aeaac189cc}</UniqueIdentifier>
    </Filter>
    <Filter Include="Source Files\Controllers">
      <UniqueIdentifier>{8eac0862-faf0-4dec-8857-ea6d8030c07f}</UniqueIdentifier>
    </Filter>
    <Filter Include="Header Files\Controllers">
      <UniqueIdentifier>{1c81a02c-6562-42f5-90a7-dd2a31a3c8ce}</UniqueIdentifier>
    </Filter>
    <Filter Include="Source Files\IO">
      <UniqueIdentifier>{dbe52c72-9c42-4cc2-b085-adcf5e1cb2a6}</UniqueIdentifier>
    </Filter>
    <Filter Include="Header Files\Commands">
      <UniqueIdentifier>{51bd1e06-7a50-4126-895c-b095f370a1af}</UniqueIdentifier>
    </Filter>
    <Filter Include="Source Files\Commands">
      <UniqueIdentifier>{1b440ec3-280f-4bad-b5c9-ba1173e17b3b}</UniqueIdentifier>
    </Filter>
    <Filter Include="Header Files\Util">
      <UniqueIdentifier>{290858c7-566e-4c25-a60b-a6007589ddf6}</UniqueIdentifier>
    </Filter>
    <Filter Include="Source Files\Util">
      <UniqueIdentifier>{69b3ddac-3524-4a18-a131-84942766d342}</UniqueIdentifier>
    </Filter>
    <Filter Include="Header Files\Models\Rooms">
      <UniqueIdentifier>{d2fd1dac-c520-421c-8389-6f6ee115ca3f}</UniqueIdentifier>
    </Filter>
    <Filter Include="Source Files\Models\Rooms">
      <UniqueIdentifier>{c58314e3-ce66-4032-8134-52cb7f9b4458}</UniqueIdentifier>
    </Filter>
    <Filter Include="Header Files\Enums">
      <UniqueIdentifier>{e6cdb545-ef14-4a78-a08a-ebbe34f13b74}</UniqueIdentifier>
    </Filter>
  </ItemGroup>
  <ItemGroup>
    <ClInclude Include="pch.h">
      <Filter>Header Files</Filter>
    </ClInclude>
    <ClInclude Include="DungeonBuilder.h">
      <Filter>Header Files\Builders</Filter>
    </ClInclude>
    <ClInclude Include="Dungeon.h">
      <Filter>Header Files\Models</Filter>
    </ClInclude>
    <ClInclude Include="Output.h">
      <Filter>Header Files\IO</Filter>
    </ClInclude>
    <ClInclude Include="Game.h">
      <Filter>Header Files\Controllers</Filter>
    </ClInclude>
    <ClInclude Include="CommandFactory.h">
      <Filter>Header Files\Commands</Filter>
    </ClInclude>
    <ClInclude Include="ICommand.h">
      <Filter>Header Files\Commands</Filter>
    </ClInclude>
    <ClInclude Include="CharArrayComparator.h">
      <Filter>Header Files\Util</Filter>
    </ClInclude>
    <ClInclude Include="NullCommand.h">
      <Filter>Header Files\Commands</Filter>
    </ClInclude>
    <ClInclude Include="ShowMapCommand.h">
      <Filter>Header Files\Commands</Filter>
    </ClInclude>
    <ClInclude Include="ExitCommand.h">
      <Filter>Header Files\Commands</Filter>
    </ClInclude>
    <ClInclude Include="ShowCommandsCommand.h">
      <Filter>Header Files\Commands</Filter>
    </ClInclude>
    <ClInclude Include="RandomGenerator.h">
      <Filter>Header Files\Util</Filter>
    </ClInclude>
    <ClInclude Include="BaseRoom.h">
      <Filter>Header Files\Models\Rooms</Filter>
    </ClInclude>
    <ClInclude Include="BaseStaircaseRoom.h">
      <Filter>Header Files\Models\Rooms</Filter>
    </ClInclude>
    <ClInclude Include="DownStaircaseRoom.h">
      <Filter>Header Files\Models\Rooms</Filter>
    </ClInclude>
    <ClInclude Include="EndBossRoom.h">
      <Filter>Header Files\Models\Rooms</Filter>
    </ClInclude>
    <ClInclude Include="UpStaircaseRoom.h">
      <Filter>Header Files\Models\Rooms</Filter>
    </ClInclude>
    <ClInclude Include="NormalRoom.h">
      <Filter>Header Files\Models\Rooms</Filter>
    </ClInclude>
    <ClInclude Include="Player.h">
      <Filter>Header Files\Models</Filter>
    </ClInclude>
    <ClInclude Include="Input.h">
      <Filter>Header Files\IO</Filter>
    </ClInclude>
    <ClInclude Include="CheckInventoryCommand.h">
      <Filter>Header Files\Commands</Filter>
    </ClInclude>
    <ClInclude Include="CheckStatsCommand.h">
      <Filter>Header Files\Commands</Filter>
    </ClInclude>
    <ClInclude Include="FightCommand.h">
      <Filter>Header Files\Commands</Filter>
    </ClInclude>
    <ClInclude Include="FlightCommand.h">
      <Filter>Header Files\Commands</Filter>
    </ClInclude>
    <ClInclude Include="PickUpCommand.h">
      <Filter>Header Files\Commands</Filter>
    </ClInclude>
    <ClInclude Include="RestCommand.h">
      <Filter>Header Files\Commands</Filter>
    </ClInclude>
    <ClInclude Include="State.h">
      <Filter>Header Files\Enums</Filter>
    </ClInclude>
  </ItemGroup>
  <ItemGroup>
    <ClCompile Include="pch.cpp">
      <Filter>Source Files</Filter>
    </ClCompile>
    <ClCompile Include="Kerkers.cpp">
      <Filter>Source Files</Filter>
    </ClCompile>
    <ClCompile Include="DungeonBuilder.cpp">
      <Filter>Source Files\Builders</Filter>
    </ClCompile>
    <ClCompile Include="Dungeon.cpp">
      <Filter>Source Files\Models</Filter>
    </ClCompile>
    <ClCompile Include="Game.cpp">
      <Filter>Source Files\Controllers</Filter>
    </ClCompile>
    <ClCompile Include="Output.cpp">
      <Filter>Source Files\IO</Filter>
    </ClCompile>
    <ClCompile Include="CommandFactory.cpp">
      <Filter>Source Files\Commands</Filter>
    </ClCompile>
    <ClCompile Include="ICommand.cpp">
      <Filter>Source Files\Commands</Filter>
    </ClCompile>
    <ClCompile Include="CharArrayComparator.cpp">
      <Filter>Source Files\Util</Filter>
    </ClCompile>
    <ClCompile Include="NullCommand.cpp">
      <Filter>Source Files\Commands</Filter>
    </ClCompile>
    <ClCompile Include="ShowMapCommand.cpp">
      <Filter>Source Files\Commands</Filter>
    </ClCompile>
    <ClCompile Include="ExitCommand.cpp">
      <Filter>Source Files\Commands</Filter>
    </ClCompile>
    <ClCompile Include="ShowCommandsCommand.cpp">
      <Filter>Source Files\Commands</Filter>
    </ClCompile>
    <ClCompile Include="RandomGenerator.cpp">
      <Filter>Source Files\Util</Filter>
    </ClCompile>
    <ClCompile Include="BaseStaircaseRoom.cpp">
      <Filter>Source Files\Models\Rooms</Filter>
    </ClCompile>
    <ClCompile Include="DownStaircaseRoom.cpp">
      <Filter>Source Files\Models\Rooms</Filter>
    </ClCompile>
    <ClCompile Include="EndBossRoom.cpp">
      <Filter>Source Files\Models\Rooms</Filter>
    </ClCompile>
    <ClCompile Include="UpStaircaseRoom.cpp">
      <Filter>Source Files\Models\Rooms</Filter>
    </ClCompile>
    <ClCompile Include="BaseRoom.cpp">
      <Filter>Source Files\Models\Rooms</Filter>
    </ClCompile>
    <ClCompile Include="NormalRoom.cpp">
      <Filter>Source Files\Models\Rooms</Filter>
    </ClCompile>
    <ClCompile Include="Input.cpp">
      <Filter>Source Files\IO</Filter>
    </ClCompile>
    <ClCompile Include="Player.cpp">
      <Filter>Source Files\Models</Filter>
    </ClCompile>
    <ClCompile Include="CheckInventoryCommand.cpp">
      <Filter>Source Files\Commands</Filter>
    </ClCompile>
    <ClCompile Include="CheckStatsCommand.cpp">
      <Filter>Source Files\Commands</Filter>
    </ClCompile>
    <ClCompile Include="FightCommand.cpp">
      <Filter>Source Files\Commands</Filter>
    </ClCompile>
    <ClCompile Include="FlightCommand.cpp">
      <Filter>Source Files\Commands</Filter>
    </ClCompile>
    <ClCompile Include="PickUpCommand.cpp">
      <Filter>Source Files\Commands</Filter>
    </ClCompile>
    <ClCompile Include="RestCommand.cpp">
      <Filter>Source Files\Commands</Filter>
    </ClCompile>
  </ItemGroup>
</Project>